{
  "packages": {
    "characters": {
      "dependency": "direct main",
      "description": {
        "name": "characters",
        "sha256": "faf38497bda5ead2a8c7615f4f7939df04333478bf32e4173fcb06d428b5716b",
        "url": "https://pub.dev"
      },
      "source": "hosted",
      "version": "1.4.1"
    },
    "collection": {
      "dependency": "direct main",
      "description": {
        "name": "collection",
        "sha256": "2f5709ae4d3d59dd8f7cd309b4e023046b57d8a6c82130785d2b0e5868084e76",
        "url": "https://pub.dev"
      },
      "source": "hosted",
      "version": "1.19.1"
    },
    "material_color_utilities": {
      "dependency": "direct main",
      "description": {
        "name": "material_color_utilities",
        "sha256": "9c337007e82b1889149c82ed242ed1cb24a66044e30979c44912381e9be4c48b",
        "url": "https://pub.dev"
      },
      "source": "hosted",
      "version": "0.13.0"
    },
    "meta": {
      "dependency": "direct main",
      "description": {
        "name": "meta",
        "sha256": "1741988757a65eb6b36abe716829688cf01910bbf91c34354ff7ec1c3de2b349",
        "url": "https://pub.dev"
      },
      "source": "hosted",
      "version": "1.18.0"
    },
    "vector_math": {
      "dependency": "direct main",
      "description": {
        "name": "vector_math",
        "sha256": "d530bd74fea330e6e364cda7a85019c434070188383e1cd8d9777ee586914c5b",
        "url": "https://pub.dev"
      },
      "source": "hosted",
      "version": "2.2.0"
    },
    "intl": {
      "dependency": "direct main",
      "description": {
        "name": "intl",
        "sha256": "3df61194eb431efc39c4ceba583b95633a403f46c9fd341e550ce0bfa50e9aa5",
        "url": "https://pub.dev"
      },
      "source": "hosted",
      "version": "0.20.2"
    },
    "path": {
      "dependency": "direct main",
      "description": {
        "name": "path",
        "sha256": "75cca69d1490965be98c73ceaea117e8a04dd21217b37b292c9ddbec0d955bc5",
        "url": "https://pub.dev"
      },
      "source": "hosted",
      "version": "1.9.1"
    },
    "file": {
      "dependency": "direct main",
      "description": {
        "name": "file",
        "sha256": "a3b4f84adafef897088c160faf7dfffb7696046cb13ae90b508c2cbc95d3b8d4",
        "url": "https://pub.dev"
      },
      "source": "hosted",
      "version": "7.0.1"
    },
    "vm_service": {
      "dependency": "direct main",
      "description": {
        "name": "vm_service",
        "sha256": "45caa6c5917fa127b5dbcfbd1fa60b14e583afdc08bfc96dda38886ca252eb60",
        "url": "https://pub.dev"
      },
      "source": "hosted",
      "version": "15.0.2"
    },
    "webdriver": {
      "dependency": "direct main",
      "description": {
        "name": "webdriver",
        "sha256": "2f3a14ca026957870cfd9c635b83507e0e51d8091568e90129fbf805aba7cade",
        "url": "https://pub.dev"
      },
      "source": "hosted",
      "version": "3.1.0"
    },
    "matcher": {
      "dependency": "direct main",
      "description": {
        "name": "matcher",
        "sha256": "dc0b7dc7651697ea4ff3e69ef44b0407ea32c487a39fff6a4004fa585e901861",
        "url": "https://pub.dev"
      },
      "source": "hosted",
      "version": "0.12.19"
    }
  }
}